
Microsoft Visual Studio Solution File, Format Version 12.00
# Visual Studio Version 17
VisualStudioVersion = 17.5.002.0
MinimumVisualStudioVersion = 10.0.40219.1
Project("{2150E333-8FDC-42A3-9474-1A3956D46DE8}") = "src", "src", "{93415BCF-C68E-41DB-8632-3E94F9162776}"
EndProject
Project("{9A19103F-16F7-4668-BE54-9A1E7A4F7556}") = "Cepedi.Banco.Pessoa.Api", "src\Cepedi.Banco.Pessoa.Api\Cepedi.Banco.Pessoa.Api.csproj", "{4EE55FD1-FB87-4007-B4B7-7A3457FE4ABB}"
EndProject
Project("{9A19103F-16F7-4668-BE54-9A1E7A4F7556}") = "Cepedi.Banco.Pessoa.Compartilhado", "src\Cepedi.Banco.Pessoa.Compartilhado\Cepedi.Banco.Pessoa.Compartilhado.csproj", "{B66F99CC-F607-464D-974F-7590520580F2}"
EndProject
Project("{9A19103F-16F7-4668-BE54-9A1E7A4F7556}") = "Cepedi.Banco.Pessoa.Dados", "src\Cepedi.Banco.Pessoa.Dados\Cepedi.Banco.Pessoa.Dados.csproj", "{7BAEABF8-E91F-47B9-841E-5CB206BEFE93}"
EndProject
Project("{9A19103F-16F7-4668-BE54-9A1E7A4F7556}") = "Cepedi.Banco.Pessoa.Dominio", "src\Cepedi.Banco.Pessoa.Dominio\Cepedi.Banco.Pessoa.Dominio.csproj", "{36F39938-D8EF-4C9F-B090-51E8F8EC3A4A}"
EndProject
Project("{9A19103F-16F7-4668-BE54-9A1E7A4F7556}") = "Cepedi.Banco.Pessoa.IoC", "src\Cepedi.Banco.Pessoa.IoC\Cepedi.Banco.Pessoa.IoC.csproj", "{BF9ECBBF-7D37-40BE-B9FD-3A46FFAF6E0A}"
EndProject
Project("{2150E333-8FDC-42A3-9474-1A3956D46DE8}") = "tests", "tests", "{F834F3ED-7ECE-45F5-B4ED-056B0BFE2228}"
EndProject
Project("{9A19103F-16F7-4668-BE54-9A1E7A4F7556}") = "Cepedi.Banco.Pessoa.Api.Tests", "tests\Cepedi.Banco.Pessoa.Api.Tests\Cepedi.Banco.Pessoa.Api.Tests.csproj", "{FDE90CB5-E488-4766-B1D7-734BD947896E}"
EndProject
Project("{9A19103F-16F7-4668-BE54-9A1E7A4F7556}") = "Cepedi.Banco.Pessoa.Data.Tests", "tests\Cepedi.Banco.Pessoa.Dados.Tests\Cepedi.Banco.Pessoa.Data.Tests.csproj", "{8C2CD815-4E65-4A5D-BD42-140CC70F1995}"
EndProject
Project("{9A19103F-16F7-4668-BE54-9A1E7A4F7556}") = "Cepedi.Banco.Pessoa.Dominio.Tests", "tests\Cepedi.Banco.Pessoa.Dominio.Tests\Cepedi.Banco.Pessoa.Dominio.Tests.csproj", "{83C07477-DACC-41D3-A149-06CDE62FCFCF}"
EndProject
Project("{9A19103F-16F7-4668-BE54-9A1E7A4F7556}") = "Cepedi.Banco.Pessoa.Benchmark.Test", "tests\Cepedi.Banco.Pessoa.Performance.Test\Cepedi.Banco.Pessoa.Benchmark.Test.csproj", "{06483C7C-6852-45EE-93FA-C8C9655B9F3F}"
EndProject
Global
	GlobalSection(SolutionConfigurationPlatforms) = preSolution
		Debug|Any CPU = Debug|Any CPU
		Release|Any CPU = Release|Any CPU
	EndGlobalSection
	GlobalSection(ProjectConfigurationPlatforms) = postSolution
		{4EE55FD1-FB87-4007-B4B7-7A3457FE4ABB}.Debug|Any CPU.ActiveCfg = Debug|Any CPU
		{4EE55FD1-FB87-4007-B4B7-7A3457FE4ABB}.Debug|Any CPU.Build.0 = Debug|Any CPU
		{4EE55FD1-FB87-4007-B4B7-7A3457FE4ABB}.Release|Any CPU.ActiveCfg = Release|Any CPU
		{4EE55FD1-FB87-4007-B4B7-7A3457FE4ABB}.Release|Any CPU.Build.0 = Release|Any CPU
		{B66F99CC-F607-464D-974F-7590520580F2}.Debug|Any CPU.ActiveCfg = Debug|Any CPU
		{B66F99CC-F607-464D-974F-7590520580F2}.Debug|Any CPU.Build.0 = Debug|Any CPU
		{B66F99CC-F607-464D-974F-7590520580F2}.Release|Any CPU.ActiveCfg = Release|Any CPU
		{B66F99CC-F607-464D-974F-7590520580F2}.Release|Any CPU.Build.0 = Release|Any CPU
		{7BAEABF8-E91F-47B9-841E-5CB206BEFE93}.Debug|Any CPU.ActiveCfg = Debug|Any CPU
		{7BAEABF8-E91F-47B9-841E-5CB206BEFE93}.Debug|Any CPU.Build.0 = Debug|Any CPU
		{7BAEABF8-E91F-47B9-841E-5CB206BEFE93}.Release|Any CPU.ActiveCfg = Release|Any CPU
		{7BAEABF8-E91F-47B9-841E-5CB206BEFE93}.Release|Any CPU.Build.0 = Release|Any CPU
		{36F39938-D8EF-4C9F-B090-51E8F8EC3A4A}.Debug|Any CPU.ActiveCfg = Debug|Any CPU
		{36F39938-D8EF-4C9F-B090-51E8F8EC3A4A}.Debug|Any CPU.Build.0 = Debug|Any CPU
		{36F39938-D8EF-4C9F-B090-51E8F8EC3A4A}.Release|Any CPU.ActiveCfg = Release|Any CPU
		{36F39938-D8EF-4C9F-B090-51E8F8EC3A4A}.Release|Any CPU.Build.0 = Release|Any CPU
		{BF9ECBBF-7D37-40BE-B9FD-3A46FFAF6E0A}.Debug|Any CPU.ActiveCfg = Debug|Any CPU
		{BF9ECBBF-7D37-40BE-B9FD-3A46FFAF6E0A}.Debug|Any CPU.Build.0 = Debug|Any CPU
		{BF9ECBBF-7D37-40BE-B9FD-3A46FFAF6E0A}.Release|Any CPU.ActiveCfg = Release|Any CPU
		{BF9ECBBF-7D37-40BE-B9FD-3A46FFAF6E0A}.Release|Any CPU.Build.0 = Release|Any CPU
		{FDE90CB5-E488-4766-B1D7-734BD947896E}.Debug|Any CPU.ActiveCfg = Debug|Any CPU
		{FDE90CB5-E488-4766-B1D7-734BD947896E}.Debug|Any CPU.Build.0 = Debug|Any CPU
		{FDE90CB5-E488-4766-B1D7-734BD947896E}.Release|Any CPU.ActiveCfg = Release|Any CPU
		{FDE90CB5-E488-4766-B1D7-734BD947896E}.Release|Any CPU.Build.0 = Release|Any CPU
		{8C2CD815-4E65-4A5D-BD42-140CC70F1995}.Debug|Any CPU.ActiveCfg = Debug|Any CPU
		{8C2CD815-4E65-4A5D-BD42-140CC70F1995}.Debug|Any CPU.Build.0 = Debug|Any CPU
		{8C2CD815-4E65-4A5D-BD42-140CC70F1995}.Release|Any CPU.ActiveCfg = Release|Any CPU
		{8C2CD815-4E65-4A5D-BD42-140CC70F1995}.Release|Any CPU.Build.0 = Release|Any CPU
		{83C07477-DACC-41D3-A149-06CDE62FCFCF}.Debug|Any CPU.ActiveCfg = Debug|Any CPU
		{83C07477-DACC-41D3-A149-06CDE62FCFCF}.Debug|Any CPU.Build.0 = Debug|Any CPU
		{83C07477-DACC-41D3-A149-06CDE62FCFCF}.Release|Any CPU.ActiveCfg = Release|Any CPU
		{83C07477-DACC-41D3-A149-06CDE62FCFCF}.Release|Any CPU.Build.0 = Release|Any CPU
		{06483C7C-6852-45EE-93FA-C8C9655B9F3F}.Debug|Any CPU.ActiveCfg = Debug|Any CPU
		{06483C7C-6852-45EE-93FA-C8C9655B9F3F}.Debug|Any CPU.Build.0 = Debug|Any CPU
		{06483C7C-6852-45EE-93FA-C8C9655B9F3F}.Release|Any CPU.ActiveCfg = Release|Any CPU
		{06483C7C-6852-45EE-93FA-C8C9655B9F3F}.Release|Any CPU.Build.0 = Release|Any CPU
	EndGlobalSection
	GlobalSection(SolutionProperties) = preSolution
		HideSolutionNode = FALSE
	EndGlobalSection
	GlobalSection(NestedProjects) = preSolution
		{4EE55FD1-FB87-4007-B4B7-7A3457FE4ABB} = {93415BCF-C68E-41DB-8632-3E94F9162776}
		{B66F99CC-F607-464D-974F-7590520580F2} = {93415BCF-C68E-41DB-8632-3E94F9162776}
		{7BAEABF8-E91F-47B9-841E-5CB206BEFE93} = {93415BCF-C68E-41DB-8632-3E94F9162776}
		{36F39938-D8EF-4C9F-B090-51E8F8EC3A4A} = {93415BCF-C68E-41DB-8632-3E94F9162776}
		{BF9ECBBF-7D37-40BE-B9FD-3A46FFAF6E0A} = {93415BCF-C68E-41DB-8632-3E94F9162776}
		{FDE90CB5-E488-4766-B1D7-734BD947896E} = {F834F3ED-7ECE-45F5-B4ED-056B0BFE2228}
		{8C2CD815-4E65-4A5D-BD42-140CC70F1995} = {F834F3ED-7ECE-45F5-B4ED-056B0BFE2228}
		{83C07477-DACC-41D3-A149-06CDE62FCFCF} = {F834F3ED-7ECE-45F5-B4ED-056B0BFE2228}
		{06483C7C-6852-45EE-93FA-C8C9655B9F3F} = {F834F3ED-7ECE-45F5-B4ED-056B0BFE2228}
	EndGlobalSection
	GlobalSection(ExtensibilityGlobals) = postSolution
		SolutionGuid = {DD98BEF2-CDCC-4D9D-A931-8329E6272785}
	EndGlobalSection
EndGlobal
